
Microsoft Visual Studio Solution File, Format Version 11.00
# Visual Studio 2010
Project("{FAE04EC0-301F-11D3-BF4B-00C04F79EFBC}") = "PManagement", "PManagement.csproj", "{455D4F3C-787E-4C53-9570-9CD761481EDF}"
EndProject
Global
	GlobalSection(SolutionConfigurationPlatforms) = preSolution
		Debug|x86 = Debug|x86
		Release|x86 = Release|x86
	EndGlobalSection
	GlobalSection(ProjectConfigurationPlatforms) = postSolution
		{455D4F3C-787E-4C53-9570-9CD761481EDF}.Debug|x86.ActiveCfg = Debug|x86
		{455D4F3C-787E-4C53-9570-9CD761481EDF}.Debug|x86.Build.0 = Debug|x86
		{455D4F3C-787E-4C53-9570-9CD761481EDF}.Release|x86.ActiveCfg = Release|x86
		{455D4F3C-787E-4C53-9570-9CD761481EDF}.Release|x86.Build.0 = Release|x86
	EndGlobalSection
	GlobalSection(SolutionProperties) = preSolution
		HideSolutionNode = FALSE
	EndGlobalSection
EndGlobal
